
Microsoft Visual Studio Solution File, Format Version 12.00
# Visual Studio Version 16
VisualStudioVersion = 16.0.29613.14
MinimumVisualStudioVersion = 10.0.40219.1
Project("{FAE04EC0-301F-11D3-BF4B-00C04F79EFBC}") = "Bonjour_Chsarp", "Bonjour_Chsarp\Bonjour_Chsarp.csproj", "{B1E5848B-4BB0-4A4A-8096-5A7C166AEE5E}"
EndProject
Global
	GlobalSection(SolutionConfigurationPlatforms) = preSolution
		Debug|Any CPU = Debug|Any CPU
		Release|Any CPU = Release|Any CPU
	EndGlobalSection
	GlobalSection(ProjectConfigurationPlatforms) = postSolution
		{B1E5848B-4BB0-4A4A-8096-5A7C166AEE5E}.Debug|Any CPU.ActiveCfg = Debug|Any CPU
		{B1E5848B-4BB0-4A4A-8096-5A7C166AEE5E}.Debug|Any CPU.Build.0 = Debug|Any CPU
		{B1E5848B-4BB0-4A4A-8096-5A7C166AEE5E}.Release|Any CPU.ActiveCfg = Release|Any CPU
		{B1E5848B-4BB0-4A4A-8096-5A7C166AEE5E}.Release|Any CPU.Build.0 = Release|Any CPU
	EndGlobalSection
	GlobalSection(SolutionProperties) = preSolution
		HideSolutionNode = FALSE
	EndGlobalSection
	GlobalSection(ExtensibilityGlobals) = postSolution
		SolutionGuid = {3538F599-5A37-4B9C-BBCB-C103CC2C6C54}
	EndGlobalSection
EndGlobal
